// !$*UTF8*$!
{
	archiveVersion = 1;
	classes = {
	};
	objectVersion = 55;
	objects = {

/* Begin PBXBuildFile section */
		4BF28E2B998816CAA6351E58 /* Pods_BankHome_BankHomeUITests.framework in Frameworks */ = {isa = PBXBuildFile; fileRef = 64D64303F4EFAE409CB7F06B /* Pods_BankHome_BankHomeUITests.framework */; };
		51F22FB129DC625E00CD3E50 /* BankHomeApp.swift in Sources */ = {isa = PBXBuildFile; fileRef = 51F22FB029DC625E00CD3E50 /* BankHomeApp.swift */; };
		51F22FB329DC625E00CD3E50 /* ContentView.swift in Sources */ = {isa = PBXBuildFile; fileRef = 51F22FB229DC625E00CD3E50 /* ContentView.swift */; };
		51F22FB529DC626100CD3E50 /* Assets.xcassets in Resources */ = {isa = PBXBuildFile; fileRef = 51F22FB429DC626100CD3E50 /* Assets.xcassets */; };
		51F22FB829DC626100CD3E50 /* Preview Assets.xcassets in Resources */ = {isa = PBXBuildFile; fileRef = 51F22FB729DC626100CD3E50 /* Preview Assets.xcassets */; };
		51F22FC229DC626100CD3E50 /* BankHomeTests.swift in Sources */ = {isa = PBXBuildFile; fileRef = 51F22FC129DC626100CD3E50 /* BankHomeTests.swift */; };
		51F22FCC29DC626100CD3E50 /* BankHomeUITests.swift in Sources */ = {isa = PBXBuildFile; fileRef = 51F22FCB29DC626100CD3E50 /* BankHomeUITests.swift */; };
		51F22FCE29DC626100CD3E50 /* BankHomeUITestsLaunchTests.swift in Sources */ = {isa = PBXBuildFile; fileRef = 51F22FCD29DC626100CD3E50 /* BankHomeUITestsLaunchTests.swift */; };
		51F22FE629DC66C500CD3E50 /* UIInputTextField.swift in Sources */ = {isa = PBXBuildFile; fileRef = 51F22FDB29DC66C400CD3E50 /* UIInputTextField.swift */; };
		51F22FE729DC66C500CD3E50 /* UIDisclaimerView.swift in Sources */ = {isa = PBXBuildFile; fileRef = 51F22FDC29DC66C400CD3E50 /* UIDisclaimerView.swift */; };
		51F22FE829DC66C500CD3E50 /* UIShortcutSubtitleIconView.swift in Sources */ = {isa = PBXBuildFile; fileRef = 51F22FDD29DC66C400CD3E50 /* UIShortcutSubtitleIconView.swift */; };
		51F22FE929DC66C500CD3E50 /* UILoadingView.swift in Sources */ = {isa = PBXBuildFile; fileRef = 51F22FDE29DC66C400CD3E50 /* UILoadingView.swift */; };
		51F22FEA29DC66C500CD3E50 /* UICheckboxView.swift in Sources */ = {isa = PBXBuildFile; fileRef = 51F22FDF29DC66C400CD3E50 /* UICheckboxView.swift */; };
		51F22FEB29DC66C500CD3E50 /* UIProgressBar.swift in Sources */ = {isa = PBXBuildFile; fileRef = 51F22FE029DC66C500CD3E50 /* UIProgressBar.swift */; };
		51F22FEC29DC66C500CD3E50 /* UITextToggleView.swift in Sources */ = {isa = PBXBuildFile; fileRef = 51F22FE129DC66C500CD3E50 /* UITextToggleView.swift */; };
		51F22FED29DC66C500CD3E50 /* UIShortcutButtonView.swift in Sources */ = {isa = PBXBuildFile; fileRef = 51F22FE229DC66C500CD3E50 /* UIShortcutButtonView.swift */; };
		51F22FEE29DC66C500CD3E50 /* UIOriginDestinyView.swift in Sources */ = {isa = PBXBuildFile; fileRef = 51F22FE329DC66C500CD3E50 /* UIOriginDestinyView.swift */; };
		51F22FEF29DC66C500CD3E50 /* UIBottomSheetView.swift in Sources */ = {isa = PBXBuildFile; fileRef = 51F22FE429DC66C500CD3E50 /* UIBottomSheetView.swift */; };
		51F22FF029DC66C500CD3E50 /* UIRelationshipCenterReceiptView.swift in Sources */ = {isa = PBXBuildFile; fileRef = 51F22FE529DC66C500CD3E50 /* UIRelationshipCenterReceiptView.swift */; };
		51F22FFF29DC697700CD3E50 /* UITransparentButton.swift in Sources */ = {isa = PBXBuildFile; fileRef = 51F22FFA29DC697700CD3E50 /* UITransparentButton.swift */; };
		51F2300029DC697700CD3E50 /* UISolidButton.swift in Sources */ = {isa = PBXBuildFile; fileRef = 51F22FFB29DC697700CD3E50 /* UISolidButton.swift */; };
		51F2300129DC697700CD3E50 /* UIOutlineButton.swift in Sources */ = {isa = PBXBuildFile; fileRef = 51F22FFC29DC697700CD3E50 /* UIOutlineButton.swift */; };
		51F2300229DC697700CD3E50 /* UISecondaryButton.swift in Sources */ = {isa = PBXBuildFile; fileRef = 51F22FFD29DC697700CD3E50 /* UISecondaryButton.swift */; };
		51F2300329DC697700CD3E50 /* UIBaseButtonType.swift in Sources */ = {isa = PBXBuildFile; fileRef = 51F22FFE29DC697700CD3E50 /* UIBaseButtonType.swift */; };
		51F2300529DC698400CD3E50 /* View.swift in Sources */ = {isa = PBXBuildFile; fileRef = 51F2300429DC698300CD3E50 /* View.swift */; };
		51F2301429DC69A800CD3E50 /* UIModalDialogView.swift in Sources */ = {isa = PBXBuildFile; fileRef = 51F2301229DC69A800CD3E50 /* UIModalDialogView.swift */; };
		51F2301529DC69A800CD3E50 /* UIModalDialogGenericErrorView.swift in Sources */ = {isa = PBXBuildFile; fileRef = 51F2301329DC69A800CD3E50 /* UIModalDialogGenericErrorView.swift */; };
		51F2301C29DC6AEB00CD3E50 /* UIHomeTabBarView.swift in Sources */ = {isa = PBXBuildFile; fileRef = 51F2301929DC6AEB00CD3E50 /* UIHomeTabBarView.swift */; };
		51F2301D29DC6AEB00CD3E50 /* UITabBarHomeContainerView.swift in Sources */ = {isa = PBXBuildFile; fileRef = 51F2301A29DC6AEB00CD3E50 /* UITabBarHomeContainerView.swift */; };
		51F2301E29DC6AEB00CD3E50 /* UITabBarHomeItemModel.swift in Sources */ = {isa = PBXBuildFile; fileRef = 51F2301B29DC6AEB00CD3E50 /* UITabBarHomeItemModel.swift */; };
		51F2302229DC6B0E00CD3E50 /* CustomNavBarPreferenceKey.swift in Sources */ = {isa = PBXBuildFile; fileRef = 51F2301F29DC6B0E00CD3E50 /* CustomNavBarPreferenceKey.swift */; };
		51F2302329DC6B0E00CD3E50 /* UIDefaultNavigationBar.swift in Sources */ = {isa = PBXBuildFile; fileRef = 51F2302029DC6B0E00CD3E50 /* UIDefaultNavigationBar.swift */; };
		51F2302429DC6B0E00CD3E50 /* UIHomeNavigationBar.swift in Sources */ = {isa = PBXBuildFile; fileRef = 51F2302129DC6B0E00CD3E50 /* UIHomeNavigationBar.swift */; };
		51F2302729DC6B6900CD3E50 /* Fonts.swift in Sources */ = {isa = PBXBuildFile; fileRef = 51F2302629DC6B6900CD3E50 /* Fonts.swift */; };
		51F2303C29DC6BEB00CD3E50 /* Montserrat-BoldItalic.ttf in Resources */ = {isa = PBXBuildFile; fileRef = 51F2302A29DC6BEB00CD3E50 /* Montserrat-BoldItalic.ttf */; };
		51F2303D29DC6BEB00CD3E50 /* Montserrat-ExtraLight.ttf in Resources */ = {isa = PBXBuildFile; fileRef = 51F2302B29DC6BEB00CD3E50 /* Montserrat-ExtraLight.ttf */; };
		51F2303E29DC6BEB00CD3E50 /* Montserrat-ExtraBold.ttf in Resources */ = {isa = PBXBuildFile; fileRef = 51F2302C29DC6BEB00CD3E50 /* Montserrat-ExtraBold.ttf */; };
		51F2303F29DC6BEB00CD3E50 /* Montserrat-Regular.ttf in Resources */ = {isa = PBXBuildFile; fileRef = 51F2302D29DC6BEB00CD3E50 /* Montserrat-Regular.ttf */; };
		51F2304029DC6BEB00CD3E50 /* Montserrat-SemiBoldItalic.ttf in Resources */ = {isa = PBXBuildFile; fileRef = 51F2302E29DC6BEB00CD3E50 /* Montserrat-SemiBoldItalic.ttf */; };
		51F2304129DC6BEB00CD3E50 /* Montserrat-Thin.ttf in Resources */ = {isa = PBXBuildFile; fileRef = 51F2302F29DC6BEB00CD3E50 /* Montserrat-Thin.ttf */; };
		51F2304229DC6BEB00CD3E50 /* Montserrat-LightItalic.ttf in Resources */ = {isa = PBXBuildFile; fileRef = 51F2303029DC6BEB00CD3E50 /* Montserrat-LightItalic.ttf */; };
		51F2304329DC6BEB00CD3E50 /* Montserrat-Light.ttf in Resources */ = {isa = PBXBuildFile; fileRef = 51F2303129DC6BEB00CD3E50 /* Montserrat-Light.ttf */; };
		51F2304429DC6BEB00CD3E50 /* Montserrat-MediumItalic.ttf in Resources */ = {isa = PBXBuildFile; fileRef = 51F2303229DC6BEB00CD3E50 /* Montserrat-MediumItalic.ttf */; };
		51F2304529DC6BEB00CD3E50 /* Montserrat-Bold.ttf in Resources */ = {isa = PBXBuildFile; fileRef = 51F2303329DC6BEB00CD3E50 /* Montserrat-Bold.ttf */; };
		51F2304629DC6BEB00CD3E50 /* Montserrat-Italic.ttf in Resources */ = {isa = PBXBuildFile; fileRef = 51F2303429DC6BEB00CD3E50 /* Montserrat-Italic.ttf */; };
		51F2304729DC6BEB00CD3E50 /* Montserrat-Black.ttf in Resources */ = {isa = PBXBuildFile; fileRef = 51F2303529DC6BEB00CD3E50 /* Montserrat-Black.ttf */; };
		51F2304829DC6BEB00CD3E50 /* Montserrat-ExtraLightItalic.ttf in Resources */ = {isa = PBXBuildFile; fileRef = 51F2303629DC6BEB00CD3E50 /* Montserrat-ExtraLightItalic.ttf */; };
		51F2304929DC6BEB00CD3E50 /* Montserrat-BlackItalic.ttf in Resources */ = {isa = PBXBuildFile; fileRef = 51F2303729DC6BEB00CD3E50 /* Montserrat-BlackItalic.ttf */; };
		51F2304A29DC6BEB00CD3E50 /* Montserrat-ThinItalic.ttf in Resources */ = {isa = PBXBuildFile; fileRef = 51F2303829DC6BEB00CD3E50 /* Montserrat-ThinItalic.ttf */; };
		51F2304B29DC6BEB00CD3E50 /* Montserrat-ExtraBoldItalic.ttf in Resources */ = {isa = PBXBuildFile; fileRef = 51F2303929DC6BEB00CD3E50 /* Montserrat-ExtraBoldItalic.ttf */; };
		51F2304C29DC6BEB00CD3E50 /* Montserrat-Medium.ttf in Resources */ = {isa = PBXBuildFile; fileRef = 51F2303A29DC6BEB00CD3E50 /* Montserrat-Medium.ttf */; };
		51F2304D29DC6BEB00CD3E50 /* Montserrat-SemiBold.ttf in Resources */ = {isa = PBXBuildFile; fileRef = 51F2303B29DC6BEB00CD3E50 /* Montserrat-SemiBold.ttf */; };
		51F2305029DC6D8A00CD3E50 /* Colors.swift in Sources */ = {isa = PBXBuildFile; fileRef = 51F2304F29DC6D8A00CD3E50 /* Colors.swift */; };
		51F2305229DC6DCF00CD3E50 /* Image.swift in Sources */ = {isa = PBXBuildFile; fileRef = 51F2305129DC6DCF00CD3E50 /* Image.swift */; };
		934132AC3109A8130267A3B1 /* Pods_BankHome.framework in Frameworks */ = {isa = PBXBuildFile; fileRef = 025408713E7DDAF2E85DBB52 /* Pods_BankHome.framework */; };
		93743F616C2DD8790B52540B /* Pods_BankHomeTests.framework in Frameworks */ = {isa = PBXBuildFile; fileRef = EE5C88293D4C13193AFEAC1E /* Pods_BankHomeTests.framework */; };
/* End PBXBuildFile section */

/* Begin PBXContainerItemProxy section */
		51F22FBE29DC626100CD3E50 /* PBXContainerItemProxy */ = {
			isa = PBXContainerItemProxy;
			containerPortal = 51F22FA529DC625E00CD3E50 /* Project object */;
			proxyType = 1;
			remoteGlobalIDString = 51F22FAC29DC625E00CD3E50;
			remoteInfo = BankHome;
		};
		51F22FC829DC626100CD3E50 /* PBXContainerItemProxy */ = {
			isa = PBXContainerItemProxy;
			containerPortal = 51F22FA529DC625E00CD3E50 /* Project object */;
			proxyType = 1;
			remoteGlobalIDString = 51F22FAC29DC625E00CD3E50;
			remoteInfo = BankHome;
		};
/* End PBXContainerItemProxy section */

/* Begin PBXFileReference section */
		025408713E7DDAF2E85DBB52 /* Pods_BankHome.framework */ = {isa = PBXFileReference; explicitFileType = wrapper.framework; includeInIndex = 0; path = Pods_BankHome.framework; sourceTree = BUILT_PRODUCTS_DIR; };
		0F34E0FA2730B209B47A2170 /* Pods-BankHome.release.xcconfig */ = {isa = PBXFileReference; includeInIndex = 1; lastKnownFileType = text.xcconfig; name = "Pods-BankHome.release.xcconfig"; path = "Target Support Files/Pods-BankHome/Pods-BankHome.release.xcconfig"; sourceTree = "<group>"; };
		3B188E7424935D652072A3AB /* Pods-BankHome-BankHomeUITests.release.xcconfig */ = {isa = PBXFileReference; includeInIndex = 1; lastKnownFileType = text.xcconfig; name = "Pods-BankHome-BankHomeUITests.release.xcconfig"; path = "Target Support Files/Pods-BankHome-BankHomeUITests/Pods-BankHome-BankHomeUITests.release.xcconfig"; sourceTree = "<group>"; };
		51F22FAD29DC625E00CD3E50 /* BankHome.app */ = {isa = PBXFileReference; explicitFileType = wrapper.application; includeInIndex = 0; path = BankHome.app; sourceTree = BUILT_PRODUCTS_DIR; };
		51F22FB029DC625E00CD3E50 /* BankHomeApp.swift */ = {isa = PBXFileReference; lastKnownFileType = sourcecode.swift; path = BankHomeApp.swift; sourceTree = "<group>"; };
		51F22FB229DC625E00CD3E50 /* ContentView.swift */ = {isa = PBXFileReference; lastKnownFileType = sourcecode.swift; path = ContentView.swift; sourceTree = "<group>"; };
		51F22FB429DC626100CD3E50 /* Assets.xcassets */ = {isa = PBXFileReference; lastKnownFileType = folder.assetcatalog; path = Assets.xcassets; sourceTree = "<group>"; };
		51F22FB729DC626100CD3E50 /* Preview Assets.xcassets */ = {isa = PBXFileReference; lastKnownFileType = folder.assetcatalog; path = "Preview Assets.xcassets"; sourceTree = "<group>"; };
		51F22FBD29DC626100CD3E50 /* BankHomeTests.xctest */ = {isa = PBXFileReference; explicitFileType = wrapper.cfbundle; includeInIndex = 0; path = BankHomeTests.xctest; sourceTree = BUILT_PRODUCTS_DIR; };
		51F22FC129DC626100CD3E50 /* BankHomeTests.swift */ = {isa = PBXFileReference; lastKnownFileType = sourcecode.swift; path = BankHomeTests.swift; sourceTree = "<group>"; };
		51F22FC729DC626100CD3E50 /* BankHomeUITests.xctest */ = {isa = PBXFileReference; explicitFileType = wrapper.cfbundle; includeInIndex = 0; path = BankHomeUITests.xctest; sourceTree = BUILT_PRODUCTS_DIR; };
		51F22FCB29DC626100CD3E50 /* BankHomeUITests.swift */ = {isa = PBXFileReference; lastKnownFileType = sourcecode.swift; path = BankHomeUITests.swift; sourceTree = "<group>"; };
		51F22FCD29DC626100CD3E50 /* BankHomeUITestsLaunchTests.swift */ = {isa = PBXFileReference; lastKnownFileType = sourcecode.swift; path = BankHomeUITestsLaunchTests.swift; sourceTree = "<group>"; };
		51F22FDB29DC66C400CD3E50 /* UIInputTextField.swift */ = {isa = PBXFileReference; fileEncoding = 4; lastKnownFileType = sourcecode.swift; path = UIInputTextField.swift; sourceTree = "<group>"; };
		51F22FDC29DC66C400CD3E50 /* UIDisclaimerView.swift */ = {isa = PBXFileReference; fileEncoding = 4; lastKnownFileType = sourcecode.swift; path = UIDisclaimerView.swift; sourceTree = "<group>"; };
		51F22FDD29DC66C400CD3E50 /* UIShortcutSubtitleIconView.swift */ = {isa = PBXFileReference; fileEncoding = 4; lastKnownFileType = sourcecode.swift; path = UIShortcutSubtitleIconView.swift; sourceTree = "<group>"; };
		51F22FDE29DC66C400CD3E50 /* UILoadingView.swift */ = {isa = PBXFileReference; fileEncoding = 4; lastKnownFileType = sourcecode.swift; path = UILoadingView.swift; sourceTree = "<group>"; };
		51F22FDF29DC66C400CD3E50 /* UICheckboxView.swift */ = {isa = PBXFileReference; fileEncoding = 4; lastKnownFileType = sourcecode.swift; path = UICheckboxView.swift; sourceTree = "<group>"; };
		51F22FE029DC66C500CD3E50 /* UIProgressBar.swift */ = {isa = PBXFileReference; fileEncoding = 4; lastKnownFileType = sourcecode.swift; path = UIProgressBar.swift; sourceTree = "<group>"; };
		51F22FE129DC66C500CD3E50 /* UITextToggleView.swift */ = {isa = PBXFileReference; fileEncoding = 4; lastKnownFileType = sourcecode.swift; path = UITextToggleView.swift; sourceTree = "<group>"; };
		51F22FE229DC66C500CD3E50 /* UIShortcutButtonView.swift */ = {isa = PBXFileReference; fileEncoding = 4; lastKnownFileType = sourcecode.swift; path = UIShortcutButtonView.swift; sourceTree = "<group>"; };
		51F22FE329DC66C500CD3E50 /* UIOriginDestinyView.swift */ = {isa = PBXFileReference; fileEncoding = 4; lastKnownFileType = sourcecode.swift; path = UIOriginDestinyView.swift; sourceTree = "<group>"; };
		51F22FE429DC66C500CD3E50 /* UIBottomSheetView.swift */ = {isa = PBXFileReference; fileEncoding = 4; lastKnownFileType = sourcecode.swift; path = UIBottomSheetView.swift; sourceTree = "<group>"; };
		51F22FE529DC66C500CD3E50 /* UIRelationshipCenterReceiptView.swift */ = {isa = PBXFileReference; fileEncoding = 4; lastKnownFileType = sourcecode.swift; path = UIRelationshipCenterReceiptView.swift; sourceTree = "<group>"; };
		51F22FFA29DC697700CD3E50 /* UITransparentButton.swift */ = {isa = PBXFileReference; fileEncoding = 4; lastKnownFileType = sourcecode.swift; path = UITransparentButton.swift; sourceTree = "<group>"; };
		51F22FFB29DC697700CD3E50 /* UISolidButton.swift */ = {isa = PBXFileReference; fileEncoding = 4; lastKnownFileType = sourcecode.swift; path = UISolidButton.swift; sourceTree = "<group>"; };
		51F22FFC29DC697700CD3E50 /* UIOutlineButton.swift */ = {isa = PBXFileReference; fileEncoding = 4; lastKnownFileType = sourcecode.swift; path = UIOutlineButton.swift; sourceTree = "<group>"; };
		51F22FFD29DC697700CD3E50 /* UISecondaryButton.swift */ = {isa = PBXFileReference; fileEncoding = 4; lastKnownFileType = sourcecode.swift; path = UISecondaryButton.swift; sourceTree = "<group>"; };
		51F22FFE29DC697700CD3E50 /* UIBaseButtonType.swift */ = {isa = PBXFileReference; fileEncoding = 4; lastKnownFileType = sourcecode.swift; path = UIBaseButtonType.swift; sourceTree = "<group>"; };
		51F2300429DC698300CD3E50 /* View.swift */ = {isa = PBXFileReference; fileEncoding = 4; lastKnownFileType = sourcecode.swift; path = View.swift; sourceTree = "<group>"; };
		51F2301229DC69A800CD3E50 /* UIModalDialogView.swift */ = {isa = PBXFileReference; fileEncoding = 4; lastKnownFileType = sourcecode.swift; path = UIModalDialogView.swift; sourceTree = "<group>"; };
		51F2301329DC69A800CD3E50 /* UIModalDialogGenericErrorView.swift */ = {isa = PBXFileReference; fileEncoding = 4; lastKnownFileType = sourcecode.swift; path = UIModalDialogGenericErrorView.swift; sourceTree = "<group>"; };
		51F2301929DC6AEB00CD3E50 /* UIHomeTabBarView.swift */ = {isa = PBXFileReference; fileEncoding = 4; lastKnownFileType = sourcecode.swift; path = UIHomeTabBarView.swift; sourceTree = "<group>"; };
		51F2301A29DC6AEB00CD3E50 /* UITabBarHomeContainerView.swift */ = {isa = PBXFileReference; fileEncoding = 4; lastKnownFileType = sourcecode.swift; path = UITabBarHomeContainerView.swift; sourceTree = "<group>"; };
		51F2301B29DC6AEB00CD3E50 /* UITabBarHomeItemModel.swift */ = {isa = PBXFileReference; fileEncoding = 4; lastKnownFileType = sourcecode.swift; path = UITabBarHomeItemModel.swift; sourceTree = "<group>"; };
		51F2301F29DC6B0E00CD3E50 /* CustomNavBarPreferenceKey.swift */ = {isa = PBXFileReference; fileEncoding = 4; lastKnownFileType = sourcecode.swift; path = CustomNavBarPreferenceKey.swift; sourceTree = "<group>"; };
		51F2302029DC6B0E00CD3E50 /* UIDefaultNavigationBar.swift */ = {isa = PBXFileReference; fileEncoding = 4; lastKnownFileType = sourcecode.swift; path = UIDefaultNavigationBar.swift; sourceTree = "<group>"; };
		51F2302129DC6B0E00CD3E50 /* UIHomeNavigationBar.swift */ = {isa = PBXFileReference; fileEncoding = 4; lastKnownFileType = sourcecode.swift; path = UIHomeNavigationBar.swift; sourceTree = "<group>"; };
		51F2302629DC6B6900CD3E50 /* Fonts.swift */ = {isa = PBXFileReference; fileEncoding = 4; lastKnownFileType = sourcecode.swift; path = Fonts.swift; sourceTree = "<group>"; };
		51F2302A29DC6BEB00CD3E50 /* Montserrat-BoldItalic.ttf */ = {isa = PBXFileReference; lastKnownFileType = file; path = "Montserrat-BoldItalic.ttf"; sourceTree = "<group>"; };
		51F2302B29DC6BEB00CD3E50 /* Montserrat-ExtraLight.ttf */ = {isa = PBXFileReference; lastKnownFileType = file; path = "Montserrat-ExtraLight.ttf"; sourceTree = "<group>"; };
		51F2302C29DC6BEB00CD3E50 /* Montserrat-ExtraBold.ttf */ = {isa = PBXFileReference; lastKnownFileType = file; path = "Montserrat-ExtraBold.ttf"; sourceTree = "<group>"; };
		51F2302D29DC6BEB00CD3E50 /* Montserrat-Regular.ttf */ = {isa = PBXFileReference; lastKnownFileType = file; path = "Montserrat-Regular.ttf"; sourceTree = "<group>"; };
		51F2302E29DC6BEB00CD3E50 /* Montserrat-SemiBoldItalic.ttf */ = {isa = PBXFileReference; lastKnownFileType = file; path = "Montserrat-SemiBoldItalic.ttf"; sourceTree = "<group>"; };
		51F2302F29DC6BEB00CD3E50 /* Montserrat-Thin.ttf */ = {isa = PBXFileReference; lastKnownFileType = file; path = "Montserrat-Thin.ttf"; sourceTree = "<group>"; };
		51F2303029DC6BEB00CD3E50 /* Montserrat-LightItalic.ttf */ = {isa = PBXFileReference; lastKnownFileType = file; path = "Montserrat-LightItalic.ttf"; sourceTree = "<group>"; };
		51F2303129DC6BEB00CD3E50 /* Montserrat-Light.ttf */ = {isa = PBXFileReference; lastKnownFileType = file; path = "Montserrat-Light.ttf"; sourceTree = "<group>"; };
		51F2303229DC6BEB00CD3E50 /* Montserrat-MediumItalic.ttf */ = {isa = PBXFileReference; lastKnownFileType = file; path = "Montserrat-MediumItalic.ttf"; sourceTree = "<group>"; };
		51F2303329DC6BEB00CD3E50 /* Montserrat-Bold.ttf */ = {isa = PBXFileReference; lastKnownFileType = file; path = "Montserrat-Bold.ttf"; sourceTree = "<group>"; };
		51F2303429DC6BEB00CD3E50 /* Montserrat-Italic.ttf */ = {isa = PBXFileReference; lastKnownFileType = file; path = "Montserrat-Italic.ttf"; sourceTree = "<group>"; };
		51F2303529DC6BEB00CD3E50 /* Montserrat-Black.ttf */ = {isa = PBXFileReference; lastKnownFileType = file; path = "Montserrat-Black.ttf"; sourceTree = "<group>"; };
		51F2303629DC6BEB00CD3E50 /* Montserrat-ExtraLightItalic.ttf */ = {isa = PBXFileReference; lastKnownFileType = file; path = "Montserrat-ExtraLightItalic.ttf"; sourceTree = "<group>"; };
		51F2303729DC6BEB00CD3E50 /* Montserrat-BlackItalic.ttf */ = {isa = PBXFileReference; lastKnownFileType = file; path = "Montserrat-BlackItalic.ttf"; sourceTree = "<group>"; };
		51F2303829DC6BEB00CD3E50 /* Montserrat-ThinItalic.ttf */ = {isa = PBXFileReference; lastKnownFileType = file; path = "Montserrat-ThinItalic.ttf"; sourceTree = "<group>"; };
		51F2303929DC6BEB00CD3E50 /* Montserrat-ExtraBoldItalic.ttf */ = {isa = PBXFileReference; lastKnownFileType = file; path = "Montserrat-ExtraBoldItalic.ttf"; sourceTree = "<group>"; };
		51F2303A29DC6BEB00CD3E50 /* Montserrat-Medium.ttf */ = {isa = PBXFileReference; lastKnownFileType = file; path = "Montserrat-Medium.ttf"; sourceTree = "<group>"; };
		51F2303B29DC6BEB00CD3E50 /* Montserrat-SemiBold.ttf */ = {isa = PBXFileReference; lastKnownFileType = file; path = "Montserrat-SemiBold.ttf"; sourceTree = "<group>"; };
		51F2304F29DC6D8A00CD3E50 /* Colors.swift */ = {isa = PBXFileReference; fileEncoding = 4; lastKnownFileType = sourcecode.swift; path = Colors.swift; sourceTree = "<group>"; };
		51F2305129DC6DCF00CD3E50 /* Image.swift */ = {isa = PBXFileReference; fileEncoding = 4; lastKnownFileType = sourcecode.swift; path = Image.swift; sourceTree = "<group>"; };
		64D64303F4EFAE409CB7F06B /* Pods_BankHome_BankHomeUITests.framework */ = {isa = PBXFileReference; explicitFileType = wrapper.framework; includeInIndex = 0; path = Pods_BankHome_BankHomeUITests.framework; sourceTree = BUILT_PRODUCTS_DIR; };
		73386A2F0904D53A0F07CFAA /* Pods-BankHome-BankHomeUITests.debug.xcconfig */ = {isa = PBXFileReference; includeInIndex = 1; lastKnownFileType = text.xcconfig; name = "Pods-BankHome-BankHomeUITests.debug.xcconfig"; path = "Target Support Files/Pods-BankHome-BankHomeUITests/Pods-BankHome-BankHomeUITests.debug.xcconfig"; sourceTree = "<group>"; };
		DEF17924961EFE35F58EA338 /* Pods-BankHome.debug.xcconfig */ = {isa = PBXFileReference; includeInIndex = 1; lastKnownFileType = text.xcconfig; name = "Pods-BankHome.debug.xcconfig"; path = "Target Support Files/Pods-BankHome/Pods-BankHome.debug.xcconfig"; sourceTree = "<group>"; };
		E75E6BE1324DE21BC8EAAABC /* Pods-BankHomeTests.debug.xcconfig */ = {isa = PBXFileReference; includeInIndex = 1; lastKnownFileType = text.xcconfig; name = "Pods-BankHomeTests.debug.xcconfig"; path = "Target Support Files/Pods-BankHomeTests/Pods-BankHomeTests.debug.xcconfig"; sourceTree = "<group>"; };
		E8BB194F10D534B1002D74D8 /* Pods-BankHomeTests.release.xcconfig */ = {isa = PBXFileReference; includeInIndex = 1; lastKnownFileType = text.xcconfig; name = "Pods-BankHomeTests.release.xcconfig"; path = "Target Support Files/Pods-BankHomeTests/Pods-BankHomeTests.release.xcconfig"; sourceTree = "<group>"; };
		EE5C88293D4C13193AFEAC1E /* Pods_BankHomeTests.framework */ = {isa = PBXFileReference; explicitFileType = wrapper.framework; includeInIndex = 0; path = Pods_BankHomeTests.framework; sourceTree = BUILT_PRODUCTS_DIR; };
/* End PBXFileReference section */

/* Begin PBXFrameworksBuildPhase section */
		51F22FAA29DC625E00CD3E50 /* Frameworks */ = {
			isa = PBXFrameworksBuildPhase;
			buildActionMask = 2147483647;
			files = (
				934132AC3109A8130267A3B1 /* Pods_BankHome.framework in Frameworks */,
			);
			runOnlyForDeploymentPostprocessing = 0;
		};
		51F22FBA29DC626100CD3E50 /* Frameworks */ = {
			isa = PBXFrameworksBuildPhase;
			buildActionMask = 2147483647;
			files = (
				93743F616C2DD8790B52540B /* Pods_BankHomeTests.framework in Frameworks */,
			);
			runOnlyForDeploymentPostprocessing = 0;
		};
		51F22FC429DC626100CD3E50 /* Frameworks */ = {
			isa = PBXFrameworksBuildPhase;
			buildActionMask = 2147483647;
			files = (
				4BF28E2B998816CAA6351E58 /* Pods_BankHome_BankHomeUITests.framework in Frameworks */,
			);
			runOnlyForDeploymentPostprocessing = 0;
		};
/* End PBXFrameworksBuildPhase section */

/* Begin PBXGroup section */
		51F22FA429DC625E00CD3E50 = {
			isa = PBXGroup;
			children = (
				51F22FAF29DC625E00CD3E50 /* BankHome */,
				51F22FC029DC626100CD3E50 /* BankHomeTests */,
				51F22FCA29DC626100CD3E50 /* BankHomeUITests */,
				51F22FAE29DC625E00CD3E50 /* Products */,
				C749491BF7863B94D5D2924D /* Pods */,
				B8530CF1FBE2ECCA8EC47E90 /* Frameworks */,
			);
			sourceTree = "<group>";
		};
		51F22FAE29DC625E00CD3E50 /* Products */ = {
			isa = PBXGroup;
			children = (
				51F22FAD29DC625E00CD3E50 /* BankHome.app */,
				51F22FBD29DC626100CD3E50 /* BankHomeTests.xctest */,
				51F22FC729DC626100CD3E50 /* BankHomeUITests.xctest */,
			);
			name = Products;
			sourceTree = "<group>";
		};
		51F22FAF29DC625E00CD3E50 /* BankHome */ = {
			isa = PBXGroup;
			children = (
				51F2305829DC763300CD3E50 /* Infrastructure */,
				51F2305729DC757200CD3E50 /* Resources */,
				51F2305629DC748C00CD3E50 /* Modules */,
				51F2305529DC748300CD3E50 /* Coordinators */,
				51F2302529DC6B1A00CD3E50 /* Commom */,
				51F22FDA29DC661D00CD3E50 /* UIComponents */,
				51F22FB029DC625E00CD3E50 /* BankHomeApp.swift */,
				51F22FB229DC625E00CD3E50 /* ContentView.swift */,
				51F22FB629DC626100CD3E50 /* Preview Content */,
			);
			path = BankHome;
			sourceTree = "<group>";
		};
		51F22FB629DC626100CD3E50 /* Preview Content */ = {
			isa = PBXGroup;
			children = (
				51F22FB729DC626100CD3E50 /* Preview Assets.xcassets */,
			);
			path = "Preview Content";
			sourceTree = "<group>";
		};
		51F22FC029DC626100CD3E50 /* BankHomeTests */ = {
			isa = PBXGroup;
			children = (
				51F22FC129DC626100CD3E50 /* BankHomeTests.swift */,
			);
			path = BankHomeTests;
			sourceTree = "<group>";
		};
		51F22FCA29DC626100CD3E50 /* BankHomeUITests */ = {
			isa = PBXGroup;
			children = (
				51F22FCB29DC626100CD3E50 /* BankHomeUITests.swift */,
				51F22FCD29DC626100CD3E50 /* BankHomeUITestsLaunchTests.swift */,
			);
			path = BankHomeUITests;
			sourceTree = "<group>";
		};
		51F22FDA29DC661D00CD3E50 /* UIComponents */ = {
			isa = PBXGroup;
			children = (
				51F2301629DC6A7100CD3E50 /* SwiftUI */,
			);
			path = UIComponents;
			sourceTree = "<group>";
		};
		51F22FF129DC67CD00CD3E50 /* Buttons */ = {
			isa = PBXGroup;
			children = (
				51F22FFE29DC697700CD3E50 /* UIBaseButtonType.swift */,
				51F22FFC29DC697700CD3E50 /* UIOutlineButton.swift */,
				51F22FFD29DC697700CD3E50 /* UISecondaryButton.swift */,
				51F22FFB29DC697700CD3E50 /* UISolidButton.swift */,
				51F22FFA29DC697700CD3E50 /* UITransparentButton.swift */,
			);
			path = Buttons;
			sourceTree = "<group>";
		};
		51F22FF229DC67EF00CD3E50 /* Extensions */ = {
			isa = PBXGroup;
			children = (
				51F2300429DC698300CD3E50 /* View.swift */,
			);
			path = Extensions;
			sourceTree = "<group>";
		};
		51F22FF329DC67F400CD3E50 /* Modal */ = {
			isa = PBXGroup;
			children = (
				51F2301329DC69A800CD3E50 /* UIModalDialogGenericErrorView.swift */,
				51F2301229DC69A800CD3E50 /* UIModalDialogView.swift */,
			);
			path = Modal;
			sourceTree = "<group>";
		};
		51F2301629DC6A7100CD3E50 /* SwiftUI */ = {
			isa = PBXGroup;
			children = (
				51F2301829DC6ACE00CD3E50 /* NavigationBar */,
				51F2301729DC6ABF00CD3E50 /* HomeTabView */,
				51F22FF329DC67F400CD3E50 /* Modal */,
				51F22FF229DC67EF00CD3E50 /* Extensions */,
				51F22FF129DC67CD00CD3E50 /* Buttons */,
				51F22FE429DC66C500CD3E50 /* UIBottomSheetView.swift */,
				51F22FDF29DC66C400CD3E50 /* UICheckboxView.swift */,
				51F22FDC29DC66C400CD3E50 /* UIDisclaimerView.swift */,
				51F22FDB29DC66C400CD3E50 /* UIInputTextField.swift */,
				51F22FDE29DC66C400CD3E50 /* UILoadingView.swift */,
				51F22FE329DC66C500CD3E50 /* UIOriginDestinyView.swift */,
				51F22FE029DC66C500CD3E50 /* UIProgressBar.swift */,
				51F22FE529DC66C500CD3E50 /* UIRelationshipCenterReceiptView.swift */,
				51F22FE229DC66C500CD3E50 /* UIShortcutButtonView.swift */,
				51F22FDD29DC66C400CD3E50 /* UIShortcutSubtitleIconView.swift */,
				51F22FE129DC66C500CD3E50 /* UITextToggleView.swift */,
			);
			path = SwiftUI;
			sourceTree = "<group>";
		};
		51F2301729DC6ABF00CD3E50 /* HomeTabView */ = {
			isa = PBXGroup;
			children = (
				51F2301929DC6AEB00CD3E50 /* UIHomeTabBarView.swift */,
				51F2301A29DC6AEB00CD3E50 /* UITabBarHomeContainerView.swift */,
				51F2301B29DC6AEB00CD3E50 /* UITabBarHomeItemModel.swift */,
			);
			path = HomeTabView;
			sourceTree = "<group>";
		};
		51F2301829DC6ACE00CD3E50 /* NavigationBar */ = {
			isa = PBXGroup;
			children = (
				51F2301F29DC6B0E00CD3E50 /* CustomNavBarPreferenceKey.swift */,
				51F2302029DC6B0E00CD3E50 /* UIDefaultNavigationBar.swift */,
				51F2302129DC6B0E00CD3E50 /* UIHomeNavigationBar.swift */,
			);
			path = NavigationBar;
			sourceTree = "<group>";
		};
		51F2302529DC6B1A00CD3E50 /* Commom */ = {
			isa = PBXGroup;
			children = (
				51F2305129DC6DCF00CD3E50 /* Image.swift */,
				51F2304F29DC6D8A00CD3E50 /* Colors.swift */,
				51F2302829DC6B9C00CD3E50 /* Fonts */,
			);
			path = Commom;
			sourceTree = "<group>";
		};
		51F2302829DC6B9C00CD3E50 /* Fonts */ = {
			isa = PBXGroup;
			children = (
				51F2302929DC6BBD00CD3E50 /* Montserrat */,
				51F2302629DC6B6900CD3E50 /* Fonts.swift */,
			);
			path = Fonts;
			sourceTree = "<group>";
		};
		51F2302929DC6BBD00CD3E50 /* Montserrat */ = {
			isa = PBXGroup;
			children = (
				51F2303529DC6BEB00CD3E50 /* Montserrat-Black.ttf */,
				51F2303729DC6BEB00CD3E50 /* Montserrat-BlackItalic.ttf */,
				51F2303329DC6BEB00CD3E50 /* Montserrat-Bold.ttf */,
				51F2302A29DC6BEB00CD3E50 /* Montserrat-BoldItalic.ttf */,
				51F2302C29DC6BEB00CD3E50 /* Montserrat-ExtraBold.ttf */,
				51F2303929DC6BEB00CD3E50 /* Montserrat-ExtraBoldItalic.ttf */,
				51F2302B29DC6BEB00CD3E50 /* Montserrat-ExtraLight.ttf */,
				51F2303629DC6BEB00CD3E50 /* Montserrat-ExtraLightItalic.ttf */,
				51F2303429DC6BEB00CD3E50 /* Montserrat-Italic.ttf */,
				51F2303129DC6BEB00CD3E50 /* Montserrat-Light.ttf */,
				51F2303029DC6BEB00CD3E50 /* Montserrat-LightItalic.ttf */,
				51F2303A29DC6BEB00CD3E50 /* Montserrat-Medium.ttf */,
				51F2303229DC6BEB00CD3E50 /* Montserrat-MediumItalic.ttf */,
				51F2302D29DC6BEB00CD3E50 /* Montserrat-Regular.ttf */,
				51F2303B29DC6BEB00CD3E50 /* Montserrat-SemiBold.ttf */,
				51F2302E29DC6BEB00CD3E50 /* Montserrat-SemiBoldItalic.ttf */,
				51F2302F29DC6BEB00CD3E50 /* Montserrat-Thin.ttf */,
				51F2303829DC6BEB00CD3E50 /* Montserrat-ThinItalic.ttf */,
			);
			path = Montserrat;
			sourceTree = "<group>";
		};
		51F2305529DC748300CD3E50 /* Coordinators */ = {
			isa = PBXGroup;
			children = (
			);
			path = Coordinators;
			sourceTree = "<group>";
		};
		51F2305629DC748C00CD3E50 /* Modules */ = {
			isa = PBXGroup;
			children = (
			);
			path = Modules;
			sourceTree = "<group>";
		};
		51F2305729DC757200CD3E50 /* Resources */ = {
			isa = PBXGroup;
			children = (
				51F22FB429DC626100CD3E50 /* Assets.xcassets */,
			);
			path = Resources;
			sourceTree = "<group>";
		};
		51F2305829DC763300CD3E50 /* Infrastructure */ = {
			isa = PBXGroup;
			children = (
			);
			path = Infrastructure;
			sourceTree = "<group>";
		};
		B8530CF1FBE2ECCA8EC47E90 /* Frameworks */ = {
			isa = PBXGroup;
			children = (
				025408713E7DDAF2E85DBB52 /* Pods_BankHome.framework */,
				64D64303F4EFAE409CB7F06B /* Pods_BankHome_BankHomeUITests.framework */,
				EE5C88293D4C13193AFEAC1E /* Pods_BankHomeTests.framework */,
			);
			name = Frameworks;
			sourceTree = "<group>";
		};
		C749491BF7863B94D5D2924D /* Pods */ = {
			isa = PBXGroup;
			children = (
				DEF17924961EFE35F58EA338 /* Pods-BankHome.debug.xcconfig */,
				0F34E0FA2730B209B47A2170 /* Pods-BankHome.release.xcconfig */,
				73386A2F0904D53A0F07CFAA /* Pods-BankHome-BankHomeUITests.debug.xcconfig */,
				3B188E7424935D652072A3AB /* Pods-BankHome-BankHomeUITests.release.xcconfig */,
				E75E6BE1324DE21BC8EAAABC /* Pods-BankHomeTests.debug.xcconfig */,
				E8BB194F10D534B1002D74D8 /* Pods-BankHomeTests.release.xcconfig */,
			);
			path = Pods;
			sourceTree = "<group>";
		};
/* End PBXGroup section */

/* Begin PBXNativeTarget section */
		51F22FAC29DC625E00CD3E50 /* BankHome */ = {
			isa = PBXNativeTarget;
			buildConfigurationList = 51F22FD129DC626100CD3E50 /* Build configuration list for PBXNativeTarget "BankHome" */;
			buildPhases = (
				962F45AE61D5CE8416103D6C /* [CP] Check Pods Manifest.lock */,
				51F22FA929DC625E00CD3E50 /* Sources */,
				51F22FAA29DC625E00CD3E50 /* Frameworks */,
				51F22FAB29DC625E00CD3E50 /* Resources */,
				87BC1DCE9C0173EA5665D288 /* [CP] Embed Pods Frameworks */,
			);
			buildRules = (
			);
			dependencies = (
			);
			name = BankHome;
			productName = BankHome;
			productReference = 51F22FAD29DC625E00CD3E50 /* BankHome.app */;
			productType = "com.apple.product-type.application";
		};
		51F22FBC29DC626100CD3E50 /* BankHomeTests */ = {
			isa = PBXNativeTarget;
			buildConfigurationList = 51F22FD429DC626100CD3E50 /* Build configuration list for PBXNativeTarget "BankHomeTests" */;
			buildPhases = (
				BA6BEEBEFED6D778CBBC2E87 /* [CP] Check Pods Manifest.lock */,
				51F22FB929DC626100CD3E50 /* Sources */,
				51F22FBA29DC626100CD3E50 /* Frameworks */,
				51F22FBB29DC626100CD3E50 /* Resources */,
			);
			buildRules = (
			);
			dependencies = (
				51F22FBF29DC626100CD3E50 /* PBXTargetDependency */,
			);
			name = BankHomeTests;
			productName = BankHomeTests;
			productReference = 51F22FBD29DC626100CD3E50 /* BankHomeTests.xctest */;
			productType = "com.apple.product-type.bundle.unit-test";
		};
		51F22FC629DC626100CD3E50 /* BankHomeUITests */ = {
			isa = PBXNativeTarget;
			buildConfigurationList = 51F22FD729DC626100CD3E50 /* Build configuration list for PBXNativeTarget "BankHomeUITests" */;
			buildPhases = (
				EB5B319F884A89195C08ECF8 /* [CP] Check Pods Manifest.lock */,
				51F22FC329DC626100CD3E50 /* Sources */,
				51F22FC429DC626100CD3E50 /* Frameworks */,
				51F22FC529DC626100CD3E50 /* Resources */,
				46319ED272B121E087D74303 /* [CP] Embed Pods Frameworks */,
			);
			buildRules = (
			);
			dependencies = (
				51F22FC929DC626100CD3E50 /* PBXTargetDependency */,
			);
			name = BankHomeUITests;
			productName = BankHomeUITests;
			productReference = 51F22FC729DC626100CD3E50 /* BankHomeUITests.xctest */;
			productType = "com.apple.product-type.bundle.ui-testing";
		};
/* End PBXNativeTarget section */

/* Begin PBXProject section */
		51F22FA529DC625E00CD3E50 /* Project object */ = {
			isa = PBXProject;
			attributes = {
				BuildIndependentTargetsInParallel = 1;
				LastSwiftUpdateCheck = 1420;
				LastUpgradeCheck = 1420;
				TargetAttributes = {
					51F22FAC29DC625E00CD3E50 = {
						CreatedOnToolsVersion = 14.2;
					};
					51F22FBC29DC626100CD3E50 = {
						CreatedOnToolsVersion = 14.2;
						TestTargetID = 51F22FAC29DC625E00CD3E50;
					};
					51F22FC629DC626100CD3E50 = {
						CreatedOnToolsVersion = 14.2;
						TestTargetID = 51F22FAC29DC625E00CD3E50;
					};
				};
			};
			buildConfigurationList = 51F22FA829DC625E00CD3E50 /* Build configuration list for PBXProject "BankHome" */;
			compatibilityVersion = "Xcode 13.0";
			developmentRegion = en;
			hasScannedForEncodings = 0;
			knownRegions = (
				en,
				Base,
			);
			mainGroup = 51F22FA429DC625E00CD3E50;
			productRefGroup = 51F22FAE29DC625E00CD3E50 /* Products */;
			projectDirPath = "";
			projectRoot = "";
			targets = (
				51F22FAC29DC625E00CD3E50 /* BankHome */,
				51F22FBC29DC626100CD3E50 /* BankHomeTests */,
				51F22FC629DC626100CD3E50 /* BankHomeUITests */,
			);
		};
/* End PBXProject section */

/* Begin PBXResourcesBuildPhase section */
		51F22FAB29DC625E00CD3E50 /* Resources */ = {
			isa = PBXResourcesBuildPhase;
			buildActionMask = 2147483647;
			files = (
				51F2304429DC6BEB00CD3E50 /* Montserrat-MediumItalic.ttf in Resources */,
				51F2304729DC6BEB00CD3E50 /* Montserrat-Black.ttf in Resources */,
				51F2304829DC6BEB00CD3E50 /* Montserrat-ExtraLightItalic.ttf in Resources */,
				51F2304329DC6BEB00CD3E50 /* Montserrat-Light.ttf in Resources */,
				51F2304029DC6BEB00CD3E50 /* Montserrat-SemiBoldItalic.ttf in Resources */,
				51F2304929DC6BEB00CD3E50 /* Montserrat-BlackItalic.ttf in Resources */,
				51F2303F29DC6BEB00CD3E50 /* Montserrat-Regular.ttf in Resources */,
				51F2303E29DC6BEB00CD3E50 /* Montserrat-ExtraBold.ttf in Resources */,
				51F2303C29DC6BEB00CD3E50 /* Montserrat-BoldItalic.ttf in Resources */,
				51F2304C29DC6BEB00CD3E50 /* Montserrat-Medium.ttf in Resources */,
				51F2304B29DC6BEB00CD3E50 /* Montserrat-ExtraBoldItalic.ttf in Resources */,
				51F2304A29DC6BEB00CD3E50 /* Montserrat-ThinItalic.ttf in Resources */,
				51F2303D29DC6BEB00CD3E50 /* Montserrat-ExtraLight.ttf in Resources */,
				51F22FB829DC626100CD3E50 /* Preview Assets.xcassets in Resources */,
				51F2304D29DC6BEB00CD3E50 /* Montserrat-SemiBold.ttf in Resources */,
				51F2304529DC6BEB00CD3E50 /* Montserrat-Bold.ttf in Resources */,
				51F2304129DC6BEB00CD3E50 /* Montserrat-Thin.ttf in Resources */,
				51F22FB529DC626100CD3E50 /* Assets.xcassets in Resources */,
				51F2304629DC6BEB00CD3E50 /* Montserrat-Italic.ttf in Resources */,
				51F2304229DC6BEB00CD3E50 /* Montserrat-LightItalic.ttf in Resources */,
			);
			runOnlyForDeploymentPostprocessing = 0;
		};
		51F22FBB29DC626100CD3E50 /* Resources */ = {
			isa = PBXResourcesBuildPhase;
			buildActionMask = 2147483647;
			files = (
			);
			runOnlyForDeploymentPostprocessing = 0;
		};
		51F22FC529DC626100CD3E50 /* Resources */ = {
			isa = PBXResourcesBuildPhase;
			buildActionMask = 2147483647;
			files = (
			);
			runOnlyForDeploymentPostprocessing = 0;
		};
/* End PBXResourcesBuildPhase section */

/* Begin PBXShellScriptBuildPhase section */
		46319ED272B121E087D74303 /* [CP] Embed Pods Frameworks */ = {
			isa = PBXShellScriptBuildPhase;
			buildActionMask = 2147483647;
			files = (
			);
			inputFileListPaths = (
				"${PODS_ROOT}/Target Support Files/Pods-BankHome-BankHomeUITests/Pods-BankHome-BankHomeUITests-frameworks-${CONFIGURATION}-input-files.xcfilelist",
			);
			name = "[CP] Embed Pods Frameworks";
			outputFileListPaths = (
				"${PODS_ROOT}/Target Support Files/Pods-BankHome-BankHomeUITests/Pods-BankHome-BankHomeUITests-frameworks-${CONFIGURATION}-output-files.xcfilelist",
			);
			runOnlyForDeploymentPostprocessing = 0;
			shellPath = /bin/sh;
			shellScript = "\"${PODS_ROOT}/Target Support Files/Pods-BankHome-BankHomeUITests/Pods-BankHome-BankHomeUITests-frameworks.sh\"\n";
			showEnvVarsInLog = 0;
		};
		87BC1DCE9C0173EA5665D288 /* [CP] Embed Pods Frameworks */ = {
			isa = PBXShellScriptBuildPhase;
			buildActionMask = 2147483647;
			files = (
			);
			inputFileListPaths = (
				"${PODS_ROOT}/Target Support Files/Pods-BankHome/Pods-BankHome-frameworks-${CONFIGURATION}-input-files.xcfilelist",
			);
			name = "[CP] Embed Pods Frameworks";
			outputFileListPaths = (
				"${PODS_ROOT}/Target Support Files/Pods-BankHome/Pods-BankHome-frameworks-${CONFIGURATION}-output-files.xcfilelist",
			);
			runOnlyForDeploymentPostprocessing = 0;
			shellPath = /bin/sh;
			shellScript = "\"${PODS_ROOT}/Target Support Files/Pods-BankHome/Pods-BankHome-frameworks.sh\"\n";
			showEnvVarsInLog = 0;
		};
		962F45AE61D5CE8416103D6C /* [CP] Check Pods Manifest.lock */ = {
			isa = PBXShellScriptBuildPhase;
			buildActionMask = 2147483647;
			files = (
			);
			inputFileListPaths = (
			);
			inputPaths = (
				"${PODS_PODFILE_DIR_PATH}/Podfile.lock",
				"${PODS_ROOT}/Manifest.lock",
			);
			name = "[CP] Check Pods Manifest.lock";
			outputFileListPaths = (
			);
			outputPaths = (
				"$(DERIVED_FILE_DIR)/Pods-BankHome-checkManifestLockResult.txt",
			);
			runOnlyForDeploymentPostprocessing = 0;
			shellPath = /bin/sh;
			shellScript = "diff \"${PODS_PODFILE_DIR_PATH}/Podfile.lock\" \"${PODS_ROOT}/Manifest.lock\" > /dev/null\nif [ $? != 0 ] ; then\n    # print error to STDERR\n    echo \"error: The sandbox is not in sync with the Podfile.lock. Run 'pod install' or update your CocoaPods installation.\" >&2\n    exit 1\nfi\n# This output is used by Xcode 'outputs' to avoid re-running this script phase.\necho \"SUCCESS\" > \"${SCRIPT_OUTPUT_FILE_0}\"\n";
			showEnvVarsInLog = 0;
		};
		BA6BEEBEFED6D778CBBC2E87 /* [CP] Check Pods Manifest.lock */ = {
			isa = PBXShellScriptBuildPhase;
			buildActionMask = 2147483647;
			files = (
			);
			inputFileListPaths = (
			);
			inputPaths = (
				"${PODS_PODFILE_DIR_PATH}/Podfile.lock",
				"${PODS_ROOT}/Manifest.lock",
			);
			name = "[CP] Check Pods Manifest.lock";
			outputFileListPaths = (
			);
			outputPaths = (
				"$(DERIVED_FILE_DIR)/Pods-BankHomeTests-checkManifestLockResult.txt",
			);
			runOnlyForDeploymentPostprocessing = 0;
			shellPath = /bin/sh;
			shellScript = "diff \"${PODS_PODFILE_DIR_PATH}/Podfile.lock\" \"${PODS_ROOT}/Manifest.lock\" > /dev/null\nif [ $? != 0 ] ; then\n    # print error to STDERR\n    echo \"error: The sandbox is not in sync with the Podfile.lock. Run 'pod install' or update your CocoaPods installation.\" >&2\n    exit 1\nfi\n# This output is used by Xcode 'outputs' to avoid re-running this script phase.\necho \"SUCCESS\" > \"${SCRIPT_OUTPUT_FILE_0}\"\n";
			showEnvVarsInLog = 0;
		};
		EB5B319F884A89195C08ECF8 /* [CP] Check Pods Manifest.lock */ = {
			isa = PBXShellScriptBuildPhase;
			buildActionMask = 2147483647;
			files = (
			);
			inputFileListPaths = (
			);
			inputPaths = (
				"${PODS_PODFILE_DIR_PATH}/Podfile.lock",
				"${PODS_ROOT}/Manifest.lock",
			);
			name = "[CP] Check Pods Manifest.lock";
			outputFileListPaths = (
			);
			outputPaths = (
				"$(DERIVED_FILE_DIR)/Pods-BankHome-BankHomeUITests-checkManifestLockResult.txt",
			);
			runOnlyForDeploymentPostprocessing = 0;
			shellPath = /bin/sh;
			shellScript = "diff \"${PODS_PODFILE_DIR_PATH}/Podfile.lock\" \"${PODS_ROOT}/Manifest.lock\" > /dev/null\nif [ $? != 0 ] ; then\n    # print error to STDERR\n    echo \"error: The sandbox is not in sync with the Podfile.lock. Run 'pod install' or update your CocoaPods installation.\" >&2\n    exit 1\nfi\n# This output is used by Xcode 'outputs' to avoid re-running this script phase.\necho \"SUCCESS\" > \"${SCRIPT_OUTPUT_FILE_0}\"\n";
			showEnvVarsInLog = 0;
		};
/* End PBXShellScriptBuildPhase section */

/* Begin PBXSourcesBuildPhase section */
		51F22FA929DC625E00CD3E50 /* Sources */ = {
			isa = PBXSourcesBuildPhase;
			buildActionMask = 2147483647;
			files = (
				51F2302729DC6B6900CD3E50 /* Fonts.swift in Sources */,
				51F22FEA29DC66C500CD3E50 /* UICheckboxView.swift in Sources */,
				51F2302429DC6B0E00CD3E50 /* UIHomeNavigationBar.swift in Sources */,
				51F2301E29DC6AEB00CD3E50 /* UITabBarHomeItemModel.swift in Sources */,
				51F22FB329DC625E00CD3E50 /* ContentView.swift in Sources */,
				51F22FB129DC625E00CD3E50 /* BankHomeApp.swift in Sources */,
				51F22FEC29DC66C500CD3E50 /* UITextToggleView.swift in Sources */,
				51F2301529DC69A800CD3E50 /* UIModalDialogGenericErrorView.swift in Sources */,
				51F22FFF29DC697700CD3E50 /* UITransparentButton.swift in Sources */,
				51F22FEE29DC66C500CD3E50 /* UIOriginDestinyView.swift in Sources */,
				51F2301C29DC6AEB00CD3E50 /* UIHomeTabBarView.swift in Sources */,
				51F2300529DC698400CD3E50 /* View.swift in Sources */,
				51F22FE829DC66C500CD3E50 /* UIShortcutSubtitleIconView.swift in Sources */,
				51F22FF029DC66C500CD3E50 /* UIRelationshipCenterReceiptView.swift in Sources */,
				51F22FE629DC66C500CD3E50 /* UIInputTextField.swift in Sources */,
				51F2302229DC6B0E00CD3E50 /* CustomNavBarPreferenceKey.swift in Sources */,
				51F22FED29DC66C500CD3E50 /* UIShortcutButtonView.swift in Sources */,
				51F2300329DC697700CD3E50 /* UIBaseButtonType.swift in Sources */,
				51F2300129DC697700CD3E50 /* UIOutlineButton.swift in Sources */,
				51F2305229DC6DCF00CD3E50 /* Image.swift in Sources */,
				51F2302329DC6B0E00CD3E50 /* UIDefaultNavigationBar.swift in Sources */,
				51F2305029DC6D8A00CD3E50 /* Colors.swift in Sources */,
				51F2301D29DC6AEB00CD3E50 /* UITabBarHomeContainerView.swift in Sources */,
				51F2300029DC697700CD3E50 /* UISolidButton.swift in Sources */,
				51F2301429DC69A800CD3E50 /* UIModalDialogView.swift in Sources */,
				51F22FE729DC66C500CD3E50 /* UIDisclaimerView.swift in Sources */,
				51F22FEF29DC66C500CD3E50 /* UIBottomSheetView.swift in Sources */,
				51F22FEB29DC66C500CD3E50 /* UIProgressBar.swift in Sources */,
				51F2300229DC697700CD3E50 /* UISecondaryButton.swift in Sources */,
				51F22FE929DC66C500CD3E50 /* UILoadingView.swift in Sources */,
			);
			runOnlyForDeploymentPostprocessing = 0;
		};
		51F22FB929DC626100CD3E50 /* Sources */ = {
			isa = PBXSourcesBuildPhase;
			buildActionMask = 2147483647;
			files = (
				51F22FC229DC626100CD3E50 /* BankHomeTests.swift in Sources */,
			);
			runOnlyForDeploymentPostprocessing = 0;
		};
		51F22FC329DC626100CD3E50 /* Sources */ = {
			isa = PBXSourcesBuildPhase;
			buildActionMask = 2147483647;
			files = (
				51F22FCE29DC626100CD3E50 /* BankHomeUITestsLaunchTests.swift in Sources */,
				51F22FCC29DC626100CD3E50 /* BankHomeUITests.swift in Sources */,
			);
			runOnlyForDeploymentPostprocessing = 0;
		};
/* End PBXSourcesBuildPhase section */

/* Begin PBXTargetDependency section */
		51F22FBF29DC626100CD3E50 /* PBXTargetDependency */ = {
			isa = PBXTargetDependency;
			target = 51F22FAC29DC625E00CD3E50 /* BankHome */;
			targetProxy = 51F22FBE29DC626100CD3E50 /* PBXContainerItemProxy */;
		};
		51F22FC929DC626100CD3E50 /* PBXTargetDependency */ = {
			isa = PBXTargetDependency;
			target = 51F22FAC29DC625E00CD3E50 /* BankHome */;
			targetProxy = 51F22FC829DC626100CD3E50 /* PBXContainerItemProxy */;
		};
/* End PBXTargetDependency section */

/* Begin XCBuildConfiguration section */
		51F22FCF29DC626100CD3E50 /* Debug */ = {
			isa = XCBuildConfiguration;
			buildSettings = {
				ALWAYS_SEARCH_USER_PATHS = NO;
				CLANG_ANALYZER_NONNULL = YES;
				CLANG_ANALYZER_NUMBER_OBJECT_CONVERSION = YES_AGGRESSIVE;
				CLANG_CXX_LANGUAGE_STANDARD = "gnu++20";
				CLANG_ENABLE_MODULES = YES;
				CLANG_ENABLE_OBJC_ARC = YES;
				CLANG_ENABLE_OBJC_WEAK = YES;
				CLANG_WARN_BLOCK_CAPTURE_AUTORELEASING = YES;
				CLANG_WARN_BOOL_CONVERSION = YES;
				CLANG_WARN_COMMA = YES;
				CLANG_WARN_CONSTANT_CONVERSION = YES;
				CLANG_WARN_DEPRECATED_OBJC_IMPLEMENTATIONS = YES;
				CLANG_WARN_DIRECT_OBJC_ISA_USAGE = YES_ERROR;
				CLANG_WARN_DOCUMENTATION_COMMENTS = YES;
				CLANG_WARN_EMPTY_BODY = YES;
				CLANG_WARN_ENUM_CONVERSION = YES;
				CLANG_WARN_INFINITE_RECURSION = YES;
				CLANG_WARN_INT_CONVERSION = YES;
				CLANG_WARN_NON_LITERAL_NULL_CONVERSION = YES;
				CLANG_WARN_OBJC_IMPLICIT_RETAIN_SELF = YES;
				CLANG_WARN_OBJC_LITERAL_CONVERSION = YES;
				CLANG_WARN_OBJC_ROOT_CLASS = YES_ERROR;
				CLANG_WARN_QUOTED_INCLUDE_IN_FRAMEWORK_HEADER = YES;
				CLANG_WARN_RANGE_LOOP_ANALYSIS = YES;
				CLANG_WARN_STRICT_PROTOTYPES = YES;
				CLANG_WARN_SUSPICIOUS_MOVE = YES;
				CLANG_WARN_UNGUARDED_AVAILABILITY = YES_AGGRESSIVE;
				CLANG_WARN_UNREACHABLE_CODE = YES;
				CLANG_WARN__DUPLICATE_METHOD_MATCH = YES;
				COPY_PHASE_STRIP = NO;
				DEBUG_INFORMATION_FORMAT = dwarf;
				ENABLE_STRICT_OBJC_MSGSEND = YES;
				ENABLE_TESTABILITY = YES;
				GCC_C_LANGUAGE_STANDARD = gnu11;
				GCC_DYNAMIC_NO_PIC = NO;
				GCC_NO_COMMON_BLOCKS = YES;
				GCC_OPTIMIZATION_LEVEL = 0;
				GCC_PREPROCESSOR_DEFINITIONS = (
					"DEBUG=1",
					"$(inherited)",
				);
				GCC_WARN_64_TO_32_BIT_CONVERSION = YES;
				GCC_WARN_ABOUT_RETURN_TYPE = YES_ERROR;
				GCC_WARN_UNDECLARED_SELECTOR = YES;
				GCC_WARN_UNINITIALIZED_AUTOS = YES_AGGRESSIVE;
				GCC_WARN_UNUSED_FUNCTION = YES;
				GCC_WARN_UNUSED_VARIABLE = YES;
				IPHONEOS_DEPLOYMENT_TARGET = 16.2;
				MTL_ENABLE_DEBUG_INFO = INCLUDE_SOURCE;
				MTL_FAST_MATH = YES;
				ONLY_ACTIVE_ARCH = YES;
				SDKROOT = iphoneos;
				SWIFT_ACTIVE_COMPILATION_CONDITIONS = DEBUG;
				SWIFT_OPTIMIZATION_LEVEL = "-Onone";
			};
			name = Debug;
		};
		51F22FD029DC626100CD3E50 /* Release */ = {
			isa = XCBuildConfiguration;
			buildSettings = {
				ALWAYS_SEARCH_USER_PATHS = NO;
				CLANG_ANALYZER_NONNULL = YES;
				CLANG_ANALYZER_NUMBER_OBJECT_CONVERSION = YES_AGGRESSIVE;
				CLANG_CXX_LANGUAGE_STANDARD = "gnu++20";
				CLANG_ENABLE_MODULES = YES;
				CLANG_ENABLE_OBJC_ARC = YES;
				CLANG_ENABLE_OBJC_WEAK = YES;
				CLANG_WARN_BLOCK_CAPTURE_AUTORELEASING = YES;
				CLANG_WARN_BOOL_CONVERSION = YES;
				CLANG_WARN_COMMA = YES;
				CLANG_WARN_CONSTANT_CONVERSION = YES;
				CLANG_WARN_DEPRECATED_OBJC_IMPLEMENTATIONS = YES;
				CLANG_WARN_DIRECT_OBJC_ISA_USAGE = YES_ERROR;
				CLANG_WARN_DOCUMENTATION_COMMENTS = YES;
				CLANG_WARN_EMPTY_BODY = YES;
				CLANG_WARN_ENUM_CONVERSION = YES;
				CLANG_WARN_INFINITE_RECURSION = YES;
				CLANG_WARN_INT_CONVERSION = YES;
				CLANG_WARN_NON_LITERAL_NULL_CONVERSION = YES;
				CLANG_WARN_OBJC_IMPLICIT_RETAIN_SELF = YES;
				CLANG_WARN_OBJC_LITERAL_CONVERSION = YES;
				CLANG_WARN_OBJC_ROOT_CLASS = YES_ERROR;
				CLANG_WARN_QUOTED_INCLUDE_IN_FRAMEWORK_HEADER = YES;
				CLANG_WARN_RANGE_LOOP_ANALYSIS = YES;
				CLANG_WARN_STRICT_PROTOTYPES = YES;
				CLANG_WARN_SUSPICIOUS_MOVE = YES;
				CLANG_WARN_UNGUARDED_AVAILABILITY = YES_AGGRESSIVE;
				CLANG_WARN_UNREACHABLE_CODE = YES;
				CLANG_WARN__DUPLICATE_METHOD_MATCH = YES;
				COPY_PHASE_STRIP = NO;
				DEBUG_INFORMATION_FORMAT = "dwarf-with-dsym";
				ENABLE_NS_ASSERTIONS = NO;
				ENABLE_STRICT_OBJC_MSGSEND = YES;
				GCC_C_LANGUAGE_STANDARD = gnu11;
				GCC_NO_COMMON_BLOCKS = YES;
				GCC_WARN_64_TO_32_BIT_CONVERSION = YES;
				GCC_WARN_ABOUT_RETURN_TYPE = YES_ERROR;
				GCC_WARN_UNDECLARED_SELECTOR = YES;
				GCC_WARN_UNINITIALIZED_AUTOS = YES_AGGRESSIVE;
				GCC_WARN_UNUSED_FUNCTION = YES;
				GCC_WARN_UNUSED_VARIABLE = YES;
				IPHONEOS_DEPLOYMENT_TARGET = 16.2;
				MTL_ENABLE_DEBUG_INFO = NO;
				MTL_FAST_MATH = YES;
				SDKROOT = iphoneos;
				SWIFT_COMPILATION_MODE = wholemodule;
				SWIFT_OPTIMIZATION_LEVEL = "-O";
				VALIDATE_PRODUCT = YES;
			};
			name = Release;
		};
		51F22FD229DC626100CD3E50 /* Debug */ = {
			isa = XCBuildConfiguration;
			baseConfigurationReference = DEF17924961EFE35F58EA338 /* Pods-BankHome.debug.xcconfig */;
			buildSettings = {
				ASSETCATALOG_COMPILER_APPICON_NAME = AppIcon;
				ASSETCATALOG_COMPILER_GLOBAL_ACCENT_COLOR_NAME = AccentColor;
				CODE_SIGN_STYLE = Automatic;
				CURRENT_PROJECT_VERSION = 1;
				DEVELOPMENT_ASSET_PATHS = "\"BankHome/Preview Content\"";
				DEVELOPMENT_TEAM = 36N72V4683;
				ENABLE_PREVIEWS = YES;
				GENERATE_INFOPLIST_FILE = YES;
				INFOPLIST_KEY_UIApplicationSceneManifest_Generation = YES;
				INFOPLIST_KEY_UIApplicationSupportsIndirectInputEvents = YES;
				INFOPLIST_KEY_UILaunchScreen_Generation = YES;
				INFOPLIST_KEY_UISupportedInterfaceOrientations = UIInterfaceOrientationPortrait;
				INFOPLIST_KEY_UISupportedInterfaceOrientations_iPad = "UIInterfaceOrientationLandscapeLeft UIInterfaceOrientationLandscapeRight UIInterfaceOrientationPortrait UIInterfaceOrientationPortraitUpsideDown";
				LD_RUNPATH_SEARCH_PATHS = (
					"$(inherited)",
					"@executable_path/Frameworks",
				);
				MARKETING_VERSION = 1.0;
				PRODUCT_BUNDLE_IDENTIFIER = danielmaia.com.BankHome;
				PRODUCT_NAME = "$(TARGET_NAME)";
				SUPPORTED_PLATFORMS = "iphoneos iphonesimulator";
				SUPPORTS_MACCATALYST = NO;
				SUPPORTS_MAC_DESIGNED_FOR_IPHONE_IPAD = NO;
				SWIFT_EMIT_LOC_STRINGS = YES;
				SWIFT_VERSION = 5.0;
				TARGETED_DEVICE_FAMILY = 1;
			};
			name = Debug;
		};
		51F22FD329DC626100CD3E50 /* Release */ = {
			isa = XCBuildConfiguration;
			baseConfigurationReference = 0F34E0FA2730B209B47A2170 /* Pods-BankHome.release.xcconfig */;
			buildSettings = {
				ASSETCATALOG_COMPILER_APPICON_NAME = AppIcon;
				ASSETCATALOG_COMPILER_GLOBAL_ACCENT_COLOR_NAME = AccentColor;
				CODE_SIGN_STYLE = Automatic;
				CURRENT_PROJECT_VERSION = 1;
				DEVELOPMENT_ASSET_PATHS = "\"BankHome/Preview Content\"";
				DEVELOPMENT_TEAM = 36N72V4683;
				ENABLE_PREVIEWS = YES;
				GENERATE_INFOPLIST_FILE = YES;
				INFOPLIST_KEY_UIApplicationSceneManifest_Generation = YES;
				INFOPLIST_KEY_UIApplicationSupportsIndirectInputEvents = YES;
				INFOPLIST_KEY_UILaunchScreen_Generation = YES;
				INFOPLIST_KEY_UISupportedInterfaceOrientations = UIInterfaceOrientationPortrait;
				INFOPLIST_KEY_UISupportedInterfaceOrientations_iPad = "UIInterfaceOrientationLandscapeLeft UIInterfaceOrientationLandscapeRight UIInterfaceOrientationPortrait UIInterfaceOrientationPortraitUpsideDown";
				LD_RUNPATH_SEARCH_PATHS = (
					"$(inherited)",
					"@executable_path/Frameworks",
				);
				MARKETING_VERSION = 1.0;
				PRODUCT_BUNDLE_IDENTIFIER = danielmaia.com.BankHome;
				PRODUCT_NAME = "$(TARGET_NAME)";
				SUPPORTED_PLATFORMS = "iphoneos iphonesimulator";
				SUPPORTS_MACCATALYST = NO;
				SUPPORTS_MAC_DESIGNED_FOR_IPHONE_IPAD = NO;
				SWIFT_EMIT_LOC_STRINGS = YES;
				SWIFT_VERSION = 5.0;
				TARGETED_DEVICE_FAMILY = 1;
			};
			name = Release;
		};
		51F22FD529DC626100CD3E50 /* Debug */ = {
			isa = XCBuildConfiguration;
			baseConfigurationReference = E75E6BE1324DE21BC8EAAABC /* Pods-BankHomeTests.debug.xcconfig */;
			buildSettings = {
				ALWAYS_EMBED_SWIFT_STANDARD_LIBRARIES = YES;
				BUNDLE_LOADER = "$(TEST_HOST)";
				CODE_SIGN_STYLE = Automatic;
				CURRENT_PROJECT_VERSION = 1;
				DEVELOPMENT_TEAM = 36N72V4683;
				GENERATE_INFOPLIST_FILE = YES;
				IPHONEOS_DEPLOYMENT_TARGET = 16.2;
				MARKETING_VERSION = 1.0;
				PRODUCT_BUNDLE_IDENTIFIER = danielmaia.com.BankHomeTests;
				PRODUCT_NAME = "$(TARGET_NAME)";
				SUPPORTED_PLATFORMS = "iphoneos iphonesimulator";
				SUPPORTS_MACCATALYST = NO;
				SUPPORTS_MAC_DESIGNED_FOR_IPHONE_IPAD = NO;
				SWIFT_EMIT_LOC_STRINGS = NO;
				SWIFT_VERSION = 5.0;
				TARGETED_DEVICE_FAMILY = 1;
				TEST_HOST = "$(BUILT_PRODUCTS_DIR)/BankHome.app/$(BUNDLE_EXECUTABLE_FOLDER_PATH)/BankHome";
			};
			name = Debug;
		};
		51F22FD629DC626100CD3E50 /* Release */ = {
			isa = XCBuildConfiguration;
			baseConfigurationReference = E8BB194F10D534B1002D74D8 /* Pods-BankHomeTests.release.xcconfig */;
			buildSettings = {
				ALWAYS_EMBED_SWIFT_STANDARD_LIBRARIES = YES;
				BUNDLE_LOADER = "$(TEST_HOST)";
				CODE_SIGN_STYLE = Automatic;
				CURRENT_PROJECT_VERSION = 1;
				DEVELOPMENT_TEAM = 36N72V4683;
				GENERATE_INFOPLIST_FILE = YES;
				IPHONEOS_DEPLOYMENT_TARGET = 16.2;
				MARKETING_VERSION = 1.0;
				PRODUCT_BUNDLE_IDENTIFIER = danielmaia.com.BankHomeTests;
				PRODUCT_NAME = "$(TARGET_NAME)";
				SUPPORTED_PLATFORMS = "iphoneos iphonesimulator";
				SUPPORTS_MACCATALYST = NO;
				SUPPORTS_MAC_DESIGNED_FOR_IPHONE_IPAD = NO;
				SWIFT_EMIT_LOC_STRINGS = NO;
				SWIFT_VERSION = 5.0;
				TARGETED_DEVICE_FAMILY = 1;
				TEST_HOST = "$(BUILT_PRODUCTS_DIR)/BankHome.app/$(BUNDLE_EXECUTABLE_FOLDER_PATH)/BankHome";
			};
			name = Release;
		};
		51F22FD829DC626100CD3E50 /* Debug */ = {
			isa = XCBuildConfiguration;
			baseConfigurationReference = 73386A2F0904D53A0F07CFAA /* Pods-BankHome-BankHomeUITests.debug.xcconfig */;
			buildSettings = {
				ALWAYS_EMBED_SWIFT_STANDARD_LIBRARIES = YES;
				CODE_SIGN_STYLE = Automatic;
				CURRENT_PROJECT_VERSION = 1;
				DEVELOPMENT_TEAM = 36N72V4683;
				GENERATE_INFOPLIST_FILE = YES;
				MARKETING_VERSION = 1.0;
				PRODUCT_BUNDLE_IDENTIFIER = danielmaia.com.BankHomeUITests;
				PRODUCT_NAME = "$(TARGET_NAME)";
				SUPPORTED_PLATFORMS = "iphoneos iphonesimulator";
				SUPPORTS_MACCATALYST = NO;
				SUPPORTS_MAC_DESIGNED_FOR_IPHONE_IPAD = NO;
				SWIFT_EMIT_LOC_STRINGS = NO;
				SWIFT_VERSION = 5.0;
				TARGETED_DEVICE_FAMILY = 1;
				TEST_TARGET_NAME = BankHome;
			};
			name = Debug;
		};
		51F22FD929DC626100CD3E50 /* Release */ = {
			isa = XCBuildConfiguration;
			baseConfigurationReference = 3B188E7424935D652072A3AB /* Pods-BankHome-BankHomeUITests.release.xcconfig */;
			buildSettings = {
				ALWAYS_EMBED_SWIFT_STANDARD_LIBRARIES = YES;
				CODE_SIGN_STYLE = Automatic;
				CURRENT_PROJECT_VERSION = 1;
				DEVELOPMENT_TEAM = 36N72V4683;
				GENERATE_INFOPLIST_FILE = YES;
				MARKETING_VERSION = 1.0;
				PRODUCT_BUNDLE_IDENTIFIER = danielmaia.com.BankHomeUITests;
				PRODUCT_NAME = "$(TARGET_NAME)";
				SUPPORTED_PLATFORMS = "iphoneos iphonesimulator";
				SUPPORTS_MACCATALYST = NO;
				SUPPORTS_MAC_DESIGNED_FOR_IPHONE_IPAD = NO;
				SWIFT_EMIT_LOC_STRINGS = NO;
				SWIFT_VERSION = 5.0;
				TARGETED_DEVICE_FAMILY = 1;
				TEST_TARGET_NAME = BankHome;
			};
			name = Release;
		};
/* End XCBuildConfiguration section */

/* Begin XCConfigurationList section */
		51F22FA829DC625E00CD3E50 /* Build configuration list for PBXProject "BankHome" */ = {
			isa = XCConfigurationList;
			buildConfigurations = (
				51F22FCF29DC626100CD3E50 /* Debug */,
				51F22FD029DC626100CD3E50 /* Release */,
			);
			defaultConfigurationIsVisible = 0;
			defaultConfigurationName = Release;
		};
		51F22FD129DC626100CD3E50 /* Build configuration list for PBXNativeTarget "BankHome" */ = {
			isa = XCConfigurationList;
			buildConfigurations = (
				51F22FD229DC626100CD3E50 /* Debug */,
				51F22FD329DC626100CD3E50 /* Release */,
			);
			defaultConfigurationIsVisible = 0;
			defaultConfigurationName = Release;
		};
		51F22FD429DC626100CD3E50 /* Build configuration list for PBXNativeTarget "BankHomeTests" */ = {
			isa = XCConfigurationList;
			buildConfigurations = (
				51F22FD529DC626100CD3E50 /* Debug */,
				51F22FD629DC626100CD3E50 /* Release */,
			);
			defaultConfigurationIsVisible = 0;
			defaultConfigurationName = Release;
		};
		51F22FD729DC626100CD3E50 /* Build configuration list for PBXNativeTarget "BankHomeUITests" */ = {
			isa = XCConfigurationList;
			buildConfigurations = (
				51F22FD829DC626100CD3E50 /* Debug */,
				51F22FD929DC626100CD3E50 /* Release */,
			);
			defaultConfigurationIsVisible = 0;
			defaultConfigurationName = Release;
		};
/* End XCConfigurationList section */
	};
	rootObject = 51F22FA529DC625E00CD3E50 /* Project object */;
}
